Microsoft Visual Studio Solution File, Format Version 12.00
# Visual Studio Version 17
VisualStudioVersion = 17.4.33213.308
MinimumVisualStudioVersion = 10.0.40219.1
Project("{9A19103F-16F7-4668-BE54-9A1E7A4F7556}") = "BulkThumbnailCreator", "BulkThumbnailCreator.csproj", "{7414B50B-C3D5-46C4-A745-8783831B0410}"
EndProject
Project("{9A19103F-16F7-4668-BE54-9A1E7A4F7556}") = "WebUI", "WebUI\WebUI.csproj", "{178B17EE-7D04-4468-8D0C-2CC2063452C6}"
EndProject
Project("{2150E333-8FDC-42A3-9474-1A3956D46DE8}") = "Solution Items", "Solution Items", "{80E497E4-F344-4A7A-874A-3E6F935D25AD}"
	ProjectSection(SolutionItems) = preProject
		.editorconfig = .editorconfig
	EndProjectSection
EndProject
Project("{9A19103F-16F7-4668-BE54-9A1E7A4F7556}") = "Tests", "Tests\Tests.csproj", "{333C03FE-FFB7-4262-97F5-29A0F67A915C}"
EndProject
Global
	GlobalSection(SolutionConfigurationPlatforms) = preSolution
		Debug|Any CPU = Debug|Any CPU
		Debug|x64 = Debug|x64
		Release|Any CPU = Release|Any CPU
		Release|x64 = Release|x64
	EndGlobalSection
	GlobalSection(ProjectConfigurationPlatforms) = postSolution
		{7414B50B-C3D5-46C4-A745-8783831B0410}.Debug|Any CPU.ActiveCfg = Debug|x64
		{7414B50B-C3D5-46C4-A745-8783831B0410}.Debug|Any CPU.Build.0 = Debug|x64
		{7414B50B-C3D5-46C4-A745-8783831B0410}.Debug|x64.ActiveCfg = Debug|x64
		{7414B50B-C3D5-46C4-A745-8783831B0410}.Debug|x64.Build.0 = Debug|x64
		{7414B50B-C3D5-46C4-A745-8783831B0410}.Release|Any CPU.ActiveCfg = Release|x64
		{7414B50B-C3D5-46C4-A745-8783831B0410}.Release|Any CPU.Build.0 = Release|x64
		{7414B50B-C3D5-46C4-A745-8783831B0410}.Release|x64.ActiveCfg = Release|x64
		{7414B50B-C3D5-46C4-A745-8783831B0410}.Release|x64.Build.0 = Release|x64
		{178B17EE-7D04-4468-8D0C-2CC2063452C6}.Debug|Any CPU.ActiveCfg = Debug|x64
		{178B17EE-7D04-4468-8D0C-2CC2063452C6}.Debug|Any CPU.Build.0 = Debug|x64
		{178B17EE-7D04-4468-8D0C-2CC2063452C6}.Debug|x64.ActiveCfg = Debug|x64
		{178B17EE-7D04-4468-8D0C-2CC2063452C6}.Debug|x64.Build.0 = Debug|x64
		{178B17EE-7D04-4468-8D0C-2CC2063452C6}.Release|Any CPU.ActiveCfg = Release|x64
		{178B17EE-7D04-4468-8D0C-2CC2063452C6}.Release|Any CPU.Build.0 = Release|x64
		{178B17EE-7D04-4468-8D0C-2CC2063452C6}.Release|x64.ActiveCfg = Release|x64
		{178B17EE-7D04-4468-8D0C-2CC2063452C6}.Release|x64.Build.0 = Release|x64
		{333C03FE-FFB7-4262-97F5-29A0F67A915C}.Debug|Any CPU.ActiveCfg = Debug|x64
		{333C03FE-FFB7-4262-97F5-29A0F67A915C}.Debug|Any CPU.Build.0 = Debug|x64
		{333C03FE-FFB7-4262-97F5-29A0F67A915C}.Debug|x64.ActiveCfg = Debug|x64
		{333C03FE-FFB7-4262-97F5-29A0F67A915C}.Debug|x64.Build.0 = Debug|x64
		{333C03FE-FFB7-4262-97F5-29A0F67A915C}.Release|Any CPU.ActiveCfg = Release|Any CPU
		{333C03FE-FFB7-4262-97F5-29A0F67A915C}.Release|Any CPU.Build.0 = Release|Any CPU
		{333C03FE-FFB7-4262-97F5-29A0F67A915C}.Release|x64.ActiveCfg = Release|Any CPU
		{333C03FE-FFB7-4262-97F5-29A0F67A915C}.Release|x64.Build.0 = Release|Any CPU
	EndGlobalSection
	GlobalSection(SolutionProperties) = preSolution
		HideSolutionNode = FALSE
	EndGlobalSection
	GlobalSection(ExtensibilityGlobals) = postSolution
		SolutionGuid = {12B1559E-9026-4CCE-87F4-4E45F378E1CF}
	EndGlobalSection
EndGlobal
