Microsoft Visual Studio Solution File, Format Version 12.00
# Visual Studio Version 17
VisualStudioVersion = 17.4.33213.308
MinimumVisualStudioVersion = 10.0.40219.1
Project("{9A19103F-16F7-4668-BE54-9A1E7A4F7556}") = "Bulk Thumbnail Creator", "Bulk Thumbnail Creator.csproj", "{7414B50B-C3D5-46C4-A745-8783831B0410}"
EndProject
Project("{9A19103F-16F7-4668-BE54-9A1E7A4F7556}") = "BTC Blazor", "BTC Blazor\BTC Blazor.csproj", "{25841487-F777-4E39-A88C-5690FF2EC3FF}"
EndProject
Global
	GlobalSection(SolutionConfigurationPlatforms) = preSolution
		Debug|Any CPU = Debug|Any CPU
		Debug|x64 = Debug|x64
		Debug|x86 = Debug|x86
		Release|Any CPU = Release|Any CPU
		Release|x64 = Release|x64
		Release|x86 = Release|x86
		retry|Any CPU = retry|Any CPU
		retry|x64 = retry|x64
		retry|x86 = retry|x86
	EndGlobalSection
	GlobalSection(ProjectConfigurationPlatforms) = postSolution
		{7414B50B-C3D5-46C4-A745-8783831B0410}.Debug|Any CPU.ActiveCfg = Debug|x64
		{7414B50B-C3D5-46C4-A745-8783831B0410}.Debug|Any CPU.Build.0 = Debug|x64
		{7414B50B-C3D5-46C4-A745-8783831B0410}.Debug|x64.ActiveCfg = Debug|x64
		{7414B50B-C3D5-46C4-A745-8783831B0410}.Debug|x64.Build.0 = Debug|x64
		{7414B50B-C3D5-46C4-A745-8783831B0410}.Debug|x86.ActiveCfg = Debug|Any CPU
		{7414B50B-C3D5-46C4-A745-8783831B0410}.Debug|x86.Build.0 = Debug|Any CPU
		{7414B50B-C3D5-46C4-A745-8783831B0410}.Release|Any CPU.ActiveCfg = Release|Any CPU
		{7414B50B-C3D5-46C4-A745-8783831B0410}.Release|Any CPU.Build.0 = Release|Any CPU
		{7414B50B-C3D5-46C4-A745-8783831B0410}.Release|x64.ActiveCfg = Release|x64
		{7414B50B-C3D5-46C4-A745-8783831B0410}.Release|x64.Build.0 = Release|x64
		{7414B50B-C3D5-46C4-A745-8783831B0410}.Release|x86.ActiveCfg = Release|x86
		{7414B50B-C3D5-46C4-A745-8783831B0410}.Release|x86.Build.0 = Release|x86
		{7414B50B-C3D5-46C4-A745-8783831B0410}.retry|Any CPU.ActiveCfg = Release|Any CPU
		{7414B50B-C3D5-46C4-A745-8783831B0410}.retry|Any CPU.Build.0 = Release|Any CPU
		{7414B50B-C3D5-46C4-A745-8783831B0410}.retry|x64.ActiveCfg = Release|x64
		{7414B50B-C3D5-46C4-A745-8783831B0410}.retry|x64.Build.0 = Release|x64
		{7414B50B-C3D5-46C4-A745-8783831B0410}.retry|x86.ActiveCfg = Release|x86
		{7414B50B-C3D5-46C4-A745-8783831B0410}.retry|x86.Build.0 = Release|x86
		{25841487-F777-4E39-A88C-5690FF2EC3FF}.Debug|Any CPU.ActiveCfg = Debug|Any CPU
		{25841487-F777-4E39-A88C-5690FF2EC3FF}.Debug|Any CPU.Build.0 = Debug|Any CPU
		{25841487-F777-4E39-A88C-5690FF2EC3FF}.Debug|x64.ActiveCfg = Debug|Any CPU
		{25841487-F777-4E39-A88C-5690FF2EC3FF}.Debug|x64.Build.0 = Debug|Any CPU
		{25841487-F777-4E39-A88C-5690FF2EC3FF}.Debug|x86.ActiveCfg = Debug|Any CPU
		{25841487-F777-4E39-A88C-5690FF2EC3FF}.Debug|x86.Build.0 = Debug|Any CPU
		{25841487-F777-4E39-A88C-5690FF2EC3FF}.Release|Any CPU.ActiveCfg = Release|Any CPU
		{25841487-F777-4E39-A88C-5690FF2EC3FF}.Release|Any CPU.Build.0 = Release|Any CPU
		{25841487-F777-4E39-A88C-5690FF2EC3FF}.Release|x64.ActiveCfg = Release|x64
		{25841487-F777-4E39-A88C-5690FF2EC3FF}.Release|x64.Build.0 = Release|x64
		{25841487-F777-4E39-A88C-5690FF2EC3FF}.Release|x86.ActiveCfg = Release|Any CPU
		{25841487-F777-4E39-A88C-5690FF2EC3FF}.Release|x86.Build.0 = Release|Any CPU
		{25841487-F777-4E39-A88C-5690FF2EC3FF}.retry|Any CPU.ActiveCfg = retry|Any CPU
		{25841487-F777-4E39-A88C-5690FF2EC3FF}.retry|Any CPU.Build.0 = retry|Any CPU
		{25841487-F777-4E39-A88C-5690FF2EC3FF}.retry|x64.ActiveCfg = retry|x64
		{25841487-F777-4E39-A88C-5690FF2EC3FF}.retry|x64.Build.0 = retry|x64
		{25841487-F777-4E39-A88C-5690FF2EC3FF}.retry|x86.ActiveCfg = retry|Any CPU
		{25841487-F777-4E39-A88C-5690FF2EC3FF}.retry|x86.Build.0 = retry|Any CPU
	EndGlobalSection
	GlobalSection(SolutionProperties) = preSolution
		HideSolutionNode = FALSE
	EndGlobalSection
	GlobalSection(ExtensibilityGlobals) = postSolution
		SolutionGuid = {12B1559E-9026-4CCE-87F4-4E45F378E1CF}
	EndGlobalSection
EndGlobal
